// !$*UTF8*$!
{
	archiveVersion = 1;
	classes = {
	};
	objectVersion = 46;
	objects = {

/* Begin PBXBuildFile section */
		BD3EE4B150D6E27F37E73057 /* Pods_ChatSecurePods_ChatSecure.framework in Frameworks */ = {isa = PBXBuildFile; fileRef = 60FC3007FB18A4CC66E49798 /* Pods_ChatSecurePods_ChatSecure.framework */; };
		D93BAA1F1A1DA73B0087F30E /* OTRAppDelegate.m in Sources */ = {isa = PBXBuildFile; fileRef = D93BAA1E1A1DA73B0087F30E /* OTRAppDelegate.m */; };
		D93BAA211A1DA73B0087F30E /* main.m in Sources */ = {isa = PBXBuildFile; fileRef = D93BAA201A1DA73B0087F30E /* main.m */; };
		D93BAA231A1DA73B0087F30E /* Images.xcassets in Resources */ = {isa = PBXBuildFile; fileRef = D93BAA221A1DA73B0087F30E /* Images.xcassets */; };
		D93BAA321A1DA73B0087F30E /* ChatSecureTests.m in Sources */ = {isa = PBXBuildFile; fileRef = D93BAA311A1DA73B0087F30E /* ChatSecureTests.m */; };
		D93BAA721A1DAF050087F30E /* TorService.m in Sources */ = {isa = PBXBuildFile; fileRef = D93BAA711A1DAF050087F30E /* TorService.m */; };
		D93BAA741A1DAF050087F30E /* main.m in Sources */ = {isa = PBXBuildFile; fileRef = D93BAA731A1DAF050087F30E /* main.m */; };
		D93BAA771A1DAF050087F30E /* TorService.xpc in Embed XPC Services */ = {isa = PBXBuildFile; fileRef = D93BAA6B1A1DAF050087F30E /* TorService.xpc */; settings = {ATTRIBUTES = (RemoveHeadersOnCopy, ); }; };
		D93BAA861A1DAF110087F30E /* XMPPService.m in Sources */ = {isa = PBXBuildFile; fileRef = D93BAA851A1DAF110087F30E /* XMPPService.m */; };
		D93BAA881A1DAF110087F30E /* main.m in Sources */ = {isa = PBXBuildFile; fileRef = D93BAA871A1DAF110087F30E /* main.m */; };
		D93BAA8B1A1DAF110087F30E /* XMPPService.xpc in Embed XPC Services */ = {isa = PBXBuildFile; fileRef = D93BAA7F1A1DAF110087F30E /* XMPPService.xpc */; settings = {ATTRIBUTES = (RemoveHeadersOnCopy, ); }; };
		D93BAA911A1DB4960087F30E /* MainMenu.xib in Resources */ = {isa = PBXBuildFile; fileRef = D93BAA241A1DA73B0087F30E /* MainMenu.xib */; };
		D93BAA9D1A1DB4C60087F30E /* OTRService.m in Sources */ = {isa = PBXBuildFile; fileRef = D93BAA9C1A1DB4C60087F30E /* OTRService.m */; };
		D93BAA9F1A1DB4C60087F30E /* main.m in Sources */ = {isa = PBXBuildFile; fileRef = D93BAA9E1A1DB4C60087F30E /* main.m */; };
		D93BAAA21A1DB4C60087F30E /* OTRService.xpc in Embed XPC Services */ = {isa = PBXBuildFile; fileRef = D93BAA961A1DB4C60087F30E /* OTRService.xpc */; settings = {ATTRIBUTES = (RemoveHeadersOnCopy, ); }; };
		D9AA715E1A2480420005895A /* XMPPServiceManager.m in Sources */ = {isa = PBXBuildFile; fileRef = D9AA715D1A2480420005895A /* XMPPServiceManager.m */; };
		D9AA71621A248D850005895A /* OTRSecrets.m in Sources */ = {isa = PBXBuildFile; fileRef = D9AA71611A248D850005895A /* OTRSecrets.m */; };
		D9B114171A2EE73F00AA314A /* OTRDatabaseManager.m in Sources */ = {isa = PBXBuildFile; fileRef = D9B114161A2EE73F00AA314A /* OTRDatabaseManager.m */; };
		E2D7252B7294BB4C1F6C75C1 /* Pods_ChatSecurePods_XMPPService.framework in Frameworks */ = {isa = PBXBuildFile; fileRef = 9AF5D74F7AAC1AD1FAA6EC85 /* Pods_ChatSecurePods_XMPPService.framework */; };
/* End PBXBuildFile section */

/* Begin PBXContainerItemProxy section */
		D93BAA2C1A1DA73B0087F30E /* PBXContainerItemProxy */ = {
			isa = PBXContainerItemProxy;
			containerPortal = D93BAA101A1DA73B0087F30E /* Project object */;
			proxyType = 1;
			remoteGlobalIDString = D93BAA171A1DA73B0087F30E;
			remoteInfo = ChatSecure;
		};
		D93BAA751A1DAF050087F30E /* PBXContainerItemProxy */ = {
			isa = PBXContainerItemProxy;
			containerPortal = D93BAA101A1DA73B0087F30E /* Project object */;
			proxyType = 1;
			remoteGlobalIDString = D93BAA6A1A1DAF050087F30E;
			remoteInfo = TorService;
		};
		D93BAA891A1DAF110087F30E /* PBXContainerItemProxy */ = {
			isa = PBXContainerItemProxy;
			containerPortal = D93BAA101A1DA73B0087F30E /* Project object */;
			proxyType = 1;
			remoteGlobalIDString = D93BAA7E1A1DAF110087F30E;
			remoteInfo = XMPPService;
		};
		D93BAAA01A1DB4C60087F30E /* PBXContainerItemProxy */ = {
			isa = PBXContainerItemProxy;
			containerPortal = D93BAA101A1DA73B0087F30E /* Project object */;
			proxyType = 1;
			remoteGlobalIDString = D93BAA951A1DB4C60087F30E;
			remoteInfo = OTRService;
		};
/* End PBXContainerItemProxy section */

/* Begin PBXCopyFilesBuildPhase section */
		D93BAA4F1A1DAD240087F30E /* Embed XPC Services */ = {
			isa = PBXCopyFilesBuildPhase;
			buildActionMask = 2147483647;
			dstPath = "$(CONTENTS_FOLDER_PATH)/XPCServices";
			dstSubfolderSpec = 16;
			files = (
				D93BAA8B1A1DAF110087F30E /* XMPPService.xpc in Embed XPC Services */,
				D93BAAA21A1DB4C60087F30E /* OTRService.xpc in Embed XPC Services */,
				D93BAA771A1DAF050087F30E /* TorService.xpc in Embed XPC Services */,
			);
			name = "Embed XPC Services";
			runOnlyForDeploymentPostprocessing = 0;
		};
/* End PBXCopyFilesBuildPhase section */

/* Begin PBXFileReference section */
		376521A125D4A8D4118C6C30 /* Pods-ChatSecurePods-XMPPService.release.xcconfig */ = {isa = PBXFileReference; includeInIndex = 1; lastKnownFileType = text.xcconfig; name = "Pods-ChatSecurePods-XMPPService.release.xcconfig"; path = "Pods/Target Support Files/Pods-ChatSecurePods-XMPPService/Pods-ChatSecurePods-XMPPService.release.xcconfig"; sourceTree = "<group>"; };
		60FC3007FB18A4CC66E49798 /* Pods_ChatSecurePods_ChatSecure.framework */ = {isa = PBXFileReference; explicitFileType = wrapper.framework; includeInIndex = 0; path = Pods_ChatSecurePods_ChatSecure.framework; sourceTree = BUILT_PRODUCTS_DIR; };
		61066028B3B0DA5914DF94BF /* Pods-ChatSecurePods-ChatSecure.release.xcconfig */ = {isa = PBXFileReference; includeInIndex = 1; lastKnownFileType = text.xcconfig; name = "Pods-ChatSecurePods-ChatSecure.release.xcconfig"; path = "Pods/Target Support Files/Pods-ChatSecurePods-ChatSecure/Pods-ChatSecurePods-ChatSecure.release.xcconfig"; sourceTree = "<group>"; };
		6AE9BAB15F95963476F174D0 /* Pods-ChatSecurePods-ChatSecure.debug.xcconfig */ = {isa = PBXFileReference; includeInIndex = 1; lastKnownFileType = text.xcconfig; name = "Pods-ChatSecurePods-ChatSecure.debug.xcconfig"; path = "Pods/Target Support Files/Pods-ChatSecurePods-ChatSecure/Pods-ChatSecurePods-ChatSecure.debug.xcconfig"; sourceTree = "<group>"; };
		966112E0EEB33C595D811C8C /* Pods-ChatSecurePods-XMPPService.debug.xcconfig */ = {isa = PBXFileReference; includeInIndex = 1; lastKnownFileType = text.xcconfig; name = "Pods-ChatSecurePods-XMPPService.debug.xcconfig"; path = "Pods/Target Support Files/Pods-ChatSecurePods-XMPPService/Pods-ChatSecurePods-XMPPService.debug.xcconfig"; sourceTree = "<group>"; };
		9AF5D74F7AAC1AD1FAA6EC85 /* Pods_ChatSecurePods_XMPPService.framework */ = {isa = PBXFileReference; explicitFileType = wrapper.framework; includeInIndex = 0; path = Pods_ChatSecurePods_XMPPService.framework; sourceTree = BUILT_PRODUCTS_DIR; };
		D93BAA181A1DA73B0087F30E /* ChatSecure.app */ = {isa = PBXFileReference; explicitFileType = wrapper.application; includeInIndex = 0; path = ChatSecure.app; sourceTree = BUILT_PRODUCTS_DIR; };
		D93BAA1C1A1DA73B0087F30E /* Info.plist */ = {isa = PBXFileReference; lastKnownFileType = text.plist.xml; path = Info.plist; sourceTree = "<group>"; };
		D93BAA1D1A1DA73B0087F30E /* OTRAppDelegate.h */ = {isa = PBXFileReference; lastKnownFileType = sourcecode.c.h; path = OTRAppDelegate.h; sourceTree = "<group>"; };
		D93BAA1E1A1DA73B0087F30E /* OTRAppDelegate.m */ = {isa = PBXFileReference; lastKnownFileType = sourcecode.c.objc; path = OTRAppDelegate.m; sourceTree = "<group>"; };
		D93BAA201A1DA73B0087F30E /* main.m */ = {isa = PBXFileReference; lastKnownFileType = sourcecode.c.objc; path = main.m; sourceTree = "<group>"; };
		D93BAA221A1DA73B0087F30E /* Images.xcassets */ = {isa = PBXFileReference; lastKnownFileType = folder.assetcatalog; path = Images.xcassets; sourceTree = "<group>"; };
		D93BAA251A1DA73B0087F30E /* Base */ = {isa = PBXFileReference; lastKnownFileType = file.xib; name = Base; path = Base.lproj/MainMenu.xib; sourceTree = "<group>"; };
		D93BAA2B1A1DA73B0087F30E /* ChatSecureTests.xctest */ = {isa = PBXFileReference; explicitFileType = wrapper.cfbundle; includeInIndex = 0; path = ChatSecureTests.xctest; sourceTree = BUILT_PRODUCTS_DIR; };
		D93BAA301A1DA73B0087F30E /* Info.plist */ = {isa = PBXFileReference; lastKnownFileType = text.plist.xml; path = Info.plist; sourceTree = "<group>"; };
		D93BAA311A1DA73B0087F30E /* ChatSecureTests.m */ = {isa = PBXFileReference; lastKnownFileType = sourcecode.c.objc; path = ChatSecureTests.m; sourceTree = "<group>"; };
		D93BAA501A1DAD3F0087F30E /* ChatSecure.entitlements */ = {isa = PBXFileReference; lastKnownFileType = text.xml; path = ChatSecure.entitlements; sourceTree = "<group>"; };
		D93BAA6B1A1DAF050087F30E /* TorService.xpc */ = {isa = PBXFileReference; explicitFileType = "wrapper.xpc-service"; includeInIndex = 0; path = TorService.xpc; sourceTree = BUILT_PRODUCTS_DIR; };
		D93BAA6E1A1DAF050087F30E /* Info.plist */ = {isa = PBXFileReference; lastKnownFileType = text.plist.xml; path = Info.plist; sourceTree = "<group>"; };
		D93BAA6F1A1DAF050087F30E /* TorServiceProtocol.h */ = {isa = PBXFileReference; lastKnownFileType = sourcecode.c.h; path = TorServiceProtocol.h; sourceTree = "<group>"; };
		D93BAA701A1DAF050087F30E /* TorService.h */ = {isa = PBXFileReference; lastKnownFileType = sourcecode.c.h; path = TorService.h; sourceTree = "<group>"; };
		D93BAA711A1DAF050087F30E /* TorService.m */ = {isa = PBXFileReference; lastKnownFileType = sourcecode.c.objc; path = TorService.m; sourceTree = "<group>"; };
		D93BAA731A1DAF050087F30E /* main.m */ = {isa = PBXFileReference; lastKnownFileType = sourcecode.c.objc; path = main.m; sourceTree = "<group>"; };
		D93BAA7F1A1DAF110087F30E /* XMPPService.xpc */ = {isa = PBXFileReference; explicitFileType = "wrapper.xpc-service"; includeInIndex = 0; path = XMPPService.xpc; sourceTree = BUILT_PRODUCTS_DIR; };
		D93BAA821A1DAF110087F30E /* Info.plist */ = {isa = PBXFileReference; lastKnownFileType = text.plist.xml; path = Info.plist; sourceTree = "<group>"; };
		D93BAA831A1DAF110087F30E /* XMPPServiceProtocol.h */ = {isa = PBXFileReference; lastKnownFileType = sourcecode.c.h; path = XMPPServiceProtocol.h; sourceTree = "<group>"; };
		D93BAA841A1DAF110087F30E /* XMPPService.h */ = {isa = PBXFileReference; lastKnownFileType = sourcecode.c.h; path = XMPPService.h; sourceTree = "<group>"; };
		D93BAA851A1DAF110087F30E /* XMPPService.m */ = {isa = PBXFileReference; lastKnownFileType = sourcecode.c.objc; path = XMPPService.m; sourceTree = "<group>"; };
		D93BAA871A1DAF110087F30E /* main.m */ = {isa = PBXFileReference; lastKnownFileType = sourcecode.c.objc; path = main.m; sourceTree = "<group>"; };
		D93BAA8F1A1DAF170087F30E /* TorService.entitlements */ = {isa = PBXFileReference; lastKnownFileType = text.xml; path = TorService.entitlements; sourceTree = "<group>"; };
		D93BAA901A1DAF1B0087F30E /* XMPPService.entitlements */ = {isa = PBXFileReference; lastKnownFileType = text.xml; path = XMPPService.entitlements; sourceTree = "<group>"; };
		D93BAA961A1DB4C60087F30E /* OTRService.xpc */ = {isa = PBXFileReference; explicitFileType = "wrapper.xpc-service"; includeInIndex = 0; path = OTRService.xpc; sourceTree = BUILT_PRODUCTS_DIR; };
		D93BAA991A1DB4C60087F30E /* Info.plist */ = {isa = PBXFileReference; lastKnownFileType = text.plist.xml; path = Info.plist; sourceTree = "<group>"; };
		D93BAA9A1A1DB4C60087F30E /* OTRServiceProtocol.h */ = {isa = PBXFileReference; lastKnownFileType = sourcecode.c.h; path = OTRServiceProtocol.h; sourceTree = "<group>"; };
		D93BAA9B1A1DB4C60087F30E /* OTRService.h */ = {isa = PBXFileReference; lastKnownFileType = sourcecode.c.h; path = OTRService.h; sourceTree = "<group>"; };
		D93BAA9C1A1DB4C60087F30E /* OTRService.m */ = {isa = PBXFileReference; lastKnownFileType = sourcecode.c.objc; path = OTRService.m; sourceTree = "<group>"; };
		D93BAA9E1A1DB4C60087F30E /* main.m */ = {isa = PBXFileReference; lastKnownFileType = sourcecode.c.objc; path = main.m; sourceTree = "<group>"; };
		D93BAAA61A1DB4CA0087F30E /* OTRService.entitlements */ = {isa = PBXFileReference; lastKnownFileType = text.xml; path = OTRService.entitlements; sourceTree = "<group>"; };
		D9A0F0561DBC40E300B36C81 /* CocoaAsyncSocket.framework */ = {isa = PBXFileReference; lastKnownFileType = wrapper.framework; name = CocoaAsyncSocket.framework; path = "../../../Library/Developer/Xcode/DerivedData/ChatSecure-auoozdbilwdwkiczbwudfwlbwswm/Build/Products/Debug/CocoaAsyncSocket/CocoaAsyncSocket.framework"; sourceTree = "<group>"; };
		D9A0F0571DBC40E300B36C81 /* CocoaLumberjack.framework */ = {isa = PBXFileReference; lastKnownFileType = wrapper.framework; name = CocoaLumberjack.framework; path = "../../../Library/Developer/Xcode/DerivedData/ChatSecure-auoozdbilwdwkiczbwudfwlbwswm/Build/Products/Debug/CocoaLumberjack/CocoaLumberjack.framework"; sourceTree = "<group>"; };
		D9A0F0581DBC40E300B36C81 /* KissXML.framework */ = {isa = PBXFileReference; lastKnownFileType = wrapper.framework; name = KissXML.framework; path = "../../../Library/Developer/Xcode/DerivedData/ChatSecure-auoozdbilwdwkiczbwudfwlbwswm/Build/Products/Debug/KissXML/KissXML.framework"; sourceTree = "<group>"; };
		D9A0F0591DBC40E300B36C81 /* ProxyKit.framework */ = {isa = PBXFileReference; lastKnownFileType = wrapper.framework; name = ProxyKit.framework; path = "../../../Library/Developer/Xcode/DerivedData/ChatSecure-auoozdbilwdwkiczbwudfwlbwswm/Build/Products/Debug/ProxyKit/ProxyKit.framework"; sourceTree = "<group>"; };
		D9A0F05A1DBC40E300B36C81 /* XMPPFramework.framework */ = {isa = PBXFileReference; lastKnownFileType = wrapper.framework; name = XMPPFramework.framework; path = "../../../Library/Developer/Xcode/DerivedData/ChatSecure-auoozdbilwdwkiczbwudfwlbwswm/Build/Products/Debug/XMPPFramework/XMPPFramework.framework"; sourceTree = "<group>"; };
		D9AA715C1A2480420005895A /* XMPPServiceManager.h */ = {isa = PBXFileReference; fileEncoding = 4; lastKnownFileType = sourcecode.c.h; path = XMPPServiceManager.h; sourceTree = "<group>"; };
		D9AA715D1A2480420005895A /* XMPPServiceManager.m */ = {isa = PBXFileReference; fileEncoding = 4; lastKnownFileType = sourcecode.c.objc; path = XMPPServiceManager.m; sourceTree = "<group>"; };
		D9AA71601A248D850005895A /* OTRSecrets.h */ = {isa = PBXFileReference; fileEncoding = 4; lastKnownFileType = sourcecode.c.h; path = OTRSecrets.h; sourceTree = "<group>"; };
		D9AA71611A248D850005895A /* OTRSecrets.m */ = {isa = PBXFileReference; fileEncoding = 4; lastKnownFileType = sourcecode.c.objc; path = OTRSecrets.m; sourceTree = "<group>"; };
		D9B114151A2EE73F00AA314A /* OTRDatabaseManager.h */ = {isa = PBXFileReference; fileEncoding = 4; lastKnownFileType = sourcecode.c.h; path = OTRDatabaseManager.h; sourceTree = "<group>"; };
		D9B114161A2EE73F00AA314A /* OTRDatabaseManager.m */ = {isa = PBXFileReference; fileEncoding = 4; lastKnownFileType = sourcecode.c.objc; path = OTRDatabaseManager.m; sourceTree = "<group>"; };
/* End PBXFileReference section */

/* Begin PBXFrameworksBuildPhase section */
		D93BAA151A1DA73B0087F30E /* Frameworks */ = {
			isa = PBXFrameworksBuildPhase;
			buildActionMask = 2147483647;
			files = (
				BD3EE4B150D6E27F37E73057 /* Pods_ChatSecurePods_ChatSecure.framework in Frameworks */,
			);
			runOnlyForDeploymentPostprocessing = 0;
		};
		D93BAA281A1DA73B0087F30E /* Frameworks */ = {
			isa = PBXFrameworksBuildPhase;
			buildActionMask = 2147483647;
			files = (
			);
			runOnlyForDeploymentPostprocessing = 0;
		};
		D93BAA681A1DAF050087F30E /* Frameworks */ = {
			isa = PBXFrameworksBuildPhase;
			buildActionMask = 2147483647;
			files = (
			);
			runOnlyForDeploymentPostprocessing = 0;
		};
		D93BAA7C1A1DAF110087F30E /* Frameworks */ = {
			isa = PBXFrameworksBuildPhase;
			buildActionMask = 2147483647;
			files = (
				E2D7252B7294BB4C1F6C75C1 /* Pods_ChatSecurePods_XMPPService.framework in Frameworks */,
			);
			runOnlyForDeploymentPostprocessing = 0;
		};
		D93BAA931A1DB4C60087F30E /* Frameworks */ = {
			isa = PBXFrameworksBuildPhase;
			buildActionMask = 2147483647;
			files = (
			);
			runOnlyForDeploymentPostprocessing = 0;
		};
/* End PBXFrameworksBuildPhase section */

/* Begin PBXGroup section */
		7CC124C343DCAF8B295A2290 /* Frameworks */ = {
			isa = PBXGroup;
			children = (
				D9A0F0561DBC40E300B36C81 /* CocoaAsyncSocket.framework */,
				D9A0F0571DBC40E300B36C81 /* CocoaLumberjack.framework */,
				D9A0F0581DBC40E300B36C81 /* KissXML.framework */,
				D9A0F0591DBC40E300B36C81 /* ProxyKit.framework */,
				D9A0F05A1DBC40E300B36C81 /* XMPPFramework.framework */,
				60FC3007FB18A4CC66E49798 /* Pods_ChatSecurePods_ChatSecure.framework */,
				9AF5D74F7AAC1AD1FAA6EC85 /* Pods_ChatSecurePods_XMPPService.framework */,
			);
			name = Frameworks;
			sourceTree = "<group>";
		};
		81A1807B16CE54452CF0B90B /* Pods */ = {
			isa = PBXGroup;
			children = (
				6AE9BAB15F95963476F174D0 /* Pods-ChatSecurePods-ChatSecure.debug.xcconfig */,
				61066028B3B0DA5914DF94BF /* Pods-ChatSecurePods-ChatSecure.release.xcconfig */,
				966112E0EEB33C595D811C8C /* Pods-ChatSecurePods-XMPPService.debug.xcconfig */,
				376521A125D4A8D4118C6C30 /* Pods-ChatSecurePods-XMPPService.release.xcconfig */,
			);
			name = Pods;
			sourceTree = "<group>";
		};
		D93BAA0F1A1DA73B0087F30E = {
			isa = PBXGroup;
			children = (
				D93BAA1A1A1DA73B0087F30E /* ChatSecure */,
				D93BAA2E1A1DA73B0087F30E /* ChatSecureTests */,
				D93BAA6C1A1DAF050087F30E /* TorService */,
				D93BAA801A1DAF110087F30E /* XMPPService */,
				D93BAA971A1DB4C60087F30E /* OTRService */,
				D93BAA191A1DA73B0087F30E /* Products */,
				81A1807B16CE54452CF0B90B /* Pods */,
				7CC124C343DCAF8B295A2290 /* Frameworks */,
			);
			sourceTree = "<group>";
		};
		D93BAA191A1DA73B0087F30E /* Products */ = {
			isa = PBXGroup;
			children = (
				D93BAA181A1DA73B0087F30E /* ChatSecure.app */,
				D93BAA2B1A1DA73B0087F30E /* ChatSecureTests.xctest */,
				D93BAA6B1A1DAF050087F30E /* TorService.xpc */,
				D93BAA7F1A1DAF110087F30E /* XMPPService.xpc */,
				D93BAA961A1DB4C60087F30E /* OTRService.xpc */,
			);
			name = Products;
			sourceTree = "<group>";
		};
		D93BAA1A1A1DA73B0087F30E /* ChatSecure */ = {
			isa = PBXGroup;
			children = (
				D9B114151A2EE73F00AA314A /* OTRDatabaseManager.h */,
				D9B114161A2EE73F00AA314A /* OTRDatabaseManager.m */,
				D9AA71601A248D850005895A /* OTRSecrets.h */,
				D9AA71611A248D850005895A /* OTRSecrets.m */,
				D93BAA501A1DAD3F0087F30E /* ChatSecure.entitlements */,
				D9AA715F1A2480470005895A /* XPC Managers */,
				D93BAA1D1A1DA73B0087F30E /* OTRAppDelegate.h */,
				D93BAA1E1A1DA73B0087F30E /* OTRAppDelegate.m */,
				D93BAA221A1DA73B0087F30E /* Images.xcassets */,
				D93BAA241A1DA73B0087F30E /* MainMenu.xib */,
				D93BAA1B1A1DA73B0087F30E /* Supporting Files */,
			);
			path = ChatSecure;
			sourceTree = "<group>";
		};
		D93BAA1B1A1DA73B0087F30E /* Supporting Files */ = {
			isa = PBXGroup;
			children = (
				D93BAA1C1A1DA73B0087F30E /* Info.plist */,
				D93BAA201A1DA73B0087F30E /* main.m */,
			);
			name = "Supporting Files";
			sourceTree = "<group>";
		};
		D93BAA2E1A1DA73B0087F30E /* ChatSecureTests */ = {
			isa = PBXGroup;
			children = (
				D93BAA311A1DA73B0087F30E /* ChatSecureTests.m */,
				D93BAA2F1A1DA73B0087F30E /* Supporting Files */,
			);
			path = ChatSecureTests;
			sourceTree = "<group>";
		};
		D93BAA2F1A1DA73B0087F30E /* Supporting Files */ = {
			isa = PBXGroup;
			children = (
				D93BAA301A1DA73B0087F30E /* Info.plist */,
			);
			name = "Supporting Files";
			sourceTree = "<group>";
		};
		D93BAA6C1A1DAF050087F30E /* TorService */ = {
			isa = PBXGroup;
			children = (
				D93BAA8F1A1DAF170087F30E /* TorService.entitlements */,
				D93BAA6F1A1DAF050087F30E /* TorServiceProtocol.h */,
				D93BAA701A1DAF050087F30E /* TorService.h */,
				D93BAA711A1DAF050087F30E /* TorService.m */,
				D93BAA731A1DAF050087F30E /* main.m */,
				D93BAA6D1A1DAF050087F30E /* Supporting Files */,
			);
			path = TorService;
			sourceTree = "<group>";
		};
		D93BAA6D1A1DAF050087F30E /* Supporting Files */ = {
			isa = PBXGroup;
			children = (
				D93BAA6E1A1DAF050087F30E /* Info.plist */,
			);
			name = "Supporting Files";
			sourceTree = "<group>";
		};
		D93BAA801A1DAF110087F30E /* XMPPService */ = {
			isa = PBXGroup;
			children = (
				D93BAA901A1DAF1B0087F30E /* XMPPService.entitlements */,
				D93BAA831A1DAF110087F30E /* XMPPServiceProtocol.h */,
				D93BAA841A1DAF110087F30E /* XMPPService.h */,
				D93BAA851A1DAF110087F30E /* XMPPService.m */,
				D93BAA871A1DAF110087F30E /* main.m */,
				D93BAA811A1DAF110087F30E /* Supporting Files */,
			);
			path = XMPPService;
			sourceTree = "<group>";
		};
		D93BAA811A1DAF110087F30E /* Supporting Files */ = {
			isa = PBXGroup;
			children = (
				D93BAA821A1DAF110087F30E /* Info.plist */,
			);
			name = "Supporting Files";
			sourceTree = "<group>";
		};
		D93BAA971A1DB4C60087F30E /* OTRService */ = {
			isa = PBXGroup;
			children = (
				D93BAAA61A1DB4CA0087F30E /* OTRService.entitlements */,
				D93BAA9A1A1DB4C60087F30E /* OTRServiceProtocol.h */,
				D93BAA9B1A1DB4C60087F30E /* OTRService.h */,
				D93BAA9C1A1DB4C60087F30E /* OTRService.m */,
				D93BAA9E1A1DB4C60087F30E /* main.m */,
				D93BAA981A1DB4C60087F30E /* Supporting Files */,
			);
			path = OTRService;
			sourceTree = "<group>";
		};
		D93BAA981A1DB4C60087F30E /* Supporting Files */ = {
			isa = PBXGroup;
			children = (
				D93BAA991A1DB4C60087F30E /* Info.plist */,
			);
			name = "Supporting Files";
			sourceTree = "<group>";
		};
		D9AA715F1A2480470005895A /* XPC Managers */ = {
			isa = PBXGroup;
			children = (
				D9AA715C1A2480420005895A /* XMPPServiceManager.h */,
				D9AA715D1A2480420005895A /* XMPPServiceManager.m */,
			);
			name = "XPC Managers";
			sourceTree = "<group>";
		};
/* End PBXGroup section */

/* Begin PBXNativeTarget section */
		D93BAA171A1DA73B0087F30E /* ChatSecure */ = {
			isa = PBXNativeTarget;
			buildConfigurationList = D93BAA351A1DA73B0087F30E /* Build configuration list for PBXNativeTarget "ChatSecure" */;
			buildPhases = (
				55B02A47401D6C3D5A85F96A /* [CP] Check Pods Manifest.lock */,
				D93BAA141A1DA73B0087F30E /* Sources */,
				D93BAA151A1DA73B0087F30E /* Frameworks */,
				D93BAA161A1DA73B0087F30E /* Resources */,
				D93BAA4F1A1DAD240087F30E /* Embed XPC Services */,
				ACC1105AFF5684BB26814131 /* [CP] Embed Pods Frameworks */,
				E9B58D7821F7FF4175859581 /* [CP] Copy Pods Resources */,
			);
			buildRules = (
			);
			dependencies = (
				D93BAA761A1DAF050087F30E /* PBXTargetDependency */,
				D93BAA8A1A1DAF110087F30E /* PBXTargetDependency */,
				D93BAAA11A1DB4C60087F30E /* PBXTargetDependency */,
			);
			name = ChatSecure;
			productName = ChatSecure;
			productReference = D93BAA181A1DA73B0087F30E /* ChatSecure.app */;
			productType = "com.apple.product-type.application";
		};
		D93BAA2A1A1DA73B0087F30E /* ChatSecureTests */ = {
			isa = PBXNativeTarget;
			buildConfigurationList = D93BAA381A1DA73B0087F30E /* Build configuration list for PBXNativeTarget "ChatSecureTests" */;
			buildPhases = (
				D93BAA271A1DA73B0087F30E /* Sources */,
				D93BAA281A1DA73B0087F30E /* Frameworks */,
				D93BAA291A1DA73B0087F30E /* Resources */,
			);
			buildRules = (
			);
			dependencies = (
				D93BAA2D1A1DA73B0087F30E /* PBXTargetDependency */,
			);
			name = ChatSecureTests;
			productName = ChatSecureTests;
			productReference = D93BAA2B1A1DA73B0087F30E /* ChatSecureTests.xctest */;
			productType = "com.apple.product-type.bundle.unit-test";
		};
		D93BAA6A1A1DAF050087F30E /* TorService */ = {
			isa = PBXNativeTarget;
			buildConfigurationList = D93BAA781A1DAF050087F30E /* Build configuration list for PBXNativeTarget "TorService" */;
			buildPhases = (
				D93BAA671A1DAF050087F30E /* Sources */,
				D93BAA681A1DAF050087F30E /* Frameworks */,
				D93BAA691A1DAF050087F30E /* Resources */,
			);
			buildRules = (
			);
			dependencies = (
			);
			name = TorService;
			productName = TorService;
			productReference = D93BAA6B1A1DAF050087F30E /* TorService.xpc */;
			productType = "com.apple.product-type.xpc-service";
		};
		D93BAA7E1A1DAF110087F30E /* XMPPService */ = {
			isa = PBXNativeTarget;
			buildConfigurationList = D93BAA8C1A1DAF110087F30E /* Build configuration list for PBXNativeTarget "XMPPService" */;
			buildPhases = (
				D07B20E26D74EE1A0161E6AB /* [CP] Check Pods Manifest.lock */,
				D93BAA7B1A1DAF110087F30E /* Sources */,
				D93BAA7C1A1DAF110087F30E /* Frameworks */,
				D93BAA7D1A1DAF110087F30E /* Resources */,
				141D8723ACB7E64A96662B9E /* [CP] Copy Pods Resources */,
			);
			buildRules = (
			);
			dependencies = (
			);
			name = XMPPService;
			productName = XMPPService;
			productReference = D93BAA7F1A1DAF110087F30E /* XMPPService.xpc */;
			productType = "com.apple.product-type.xpc-service";
		};
		D93BAA951A1DB4C60087F30E /* OTRService */ = {
			isa = PBXNativeTarget;
			buildConfigurationList = D93BAAA31A1DB4C60087F30E /* Build configuration list for PBXNativeTarget "OTRService" */;
			buildPhases = (
				D93BAA921A1DB4C60087F30E /* Sources */,
				D93BAA931A1DB4C60087F30E /* Frameworks */,
				D93BAA941A1DB4C60087F30E /* Resources */,
			);
			buildRules = (
			);
			dependencies = (
			);
			name = OTRService;
			productName = OTRService;
			productReference = D93BAA961A1DB4C60087F30E /* OTRService.xpc */;
			productType = "com.apple.product-type.xpc-service";
		};
/* End PBXNativeTarget section */

/* Begin PBXProject section */
		D93BAA101A1DA73B0087F30E /* Project object */ = {
			isa = PBXProject;
			attributes = {
				CLASSPREFIX = OTR;
				LastUpgradeCheck = 0610;
				ORGANIZATIONNAME = "Christopher Ballinger";
				TargetAttributes = {
					D93BAA171A1DA73B0087F30E = {
						CreatedOnToolsVersion = 6.1;
						DevelopmentTeam = 4T8JLQR6GR;
						ProvisioningStyle = Automatic;
						SystemCapabilities = {
							com.apple.Sandbox = {
								enabled = 1;
							};
						};
					};
					D93BAA2A1A1DA73B0087F30E = {
						CreatedOnToolsVersion = 6.1;
						ProvisioningStyle = Automatic;
						TestTargetID = D93BAA171A1DA73B0087F30E;
					};
					D93BAA6A1A1DAF050087F30E = {
						CreatedOnToolsVersion = 6.1;
						DevelopmentTeam = 4T8JLQR6GR;
						ProvisioningStyle = Automatic;
						SystemCapabilities = {
							com.apple.Sandbox = {
								enabled = 1;
							};
						};
					};
					D93BAA7E1A1DAF110087F30E = {
						CreatedOnToolsVersion = 6.1;
						DevelopmentTeam = 4T8JLQR6GR;
						ProvisioningStyle = Automatic;
						SystemCapabilities = {
							com.apple.Sandbox = {
								enabled = 1;
							};
						};
					};
					D93BAA951A1DB4C60087F30E = {
						CreatedOnToolsVersion = 6.1;
						DevelopmentTeam = 4T8JLQR6GR;
						ProvisioningStyle = Automatic;
						SystemCapabilities = {
							com.apple.Sandbox = {
								enabled = 1;
							};
						};
					};
				};
			};
			buildConfigurationList = D93BAA131A1DA73B0087F30E /* Build configuration list for PBXProject "ChatSecure" */;
			compatibilityVersion = "Xcode 3.2";
			developmentRegion = English;
			hasScannedForEncodings = 0;
			knownRegions = (
				en,
				Base,
			);
			mainGroup = D93BAA0F1A1DA73B0087F30E;
			productRefGroup = D93BAA191A1DA73B0087F30E /* Products */;
			projectDirPath = "";
			projectRoot = "";
			targets = (
				D93BAA171A1DA73B0087F30E /* ChatSecure */,
				D93BAA2A1A1DA73B0087F30E /* ChatSecureTests */,
				D93BAA6A1A1DAF050087F30E /* TorService */,
				D93BAA7E1A1DAF110087F30E /* XMPPService */,
				D93BAA951A1DB4C60087F30E /* OTRService */,
			);
		};
/* End PBXProject section */

/* Begin PBXResourcesBuildPhase section */
		D93BAA161A1DA73B0087F30E /* Resources */ = {
			isa = PBXResourcesBuildPhase;
			buildActionMask = 2147483647;
			files = (
				D93BAA231A1DA73B0087F30E /* Images.xcassets in Resources */,
				D93BAA911A1DB4960087F30E /* MainMenu.xib in Resources */,
			);
			runOnlyForDeploymentPostprocessing = 0;
		};
		D93BAA291A1DA73B0087F30E /* Resources */ = {
			isa = PBXResourcesBuildPhase;
			buildActionMask = 2147483647;
			files = (
			);
			runOnlyForDeploymentPostprocessing = 0;
		};
		D93BAA691A1DAF050087F30E /* Resources */ = {
			isa = PBXResourcesBuildPhase;
			buildActionMask = 2147483647;
			files = (
			);
			runOnlyForDeploymentPostprocessing = 0;
		};
		D93BAA7D1A1DAF110087F30E /* Resources */ = {
			isa = PBXResourcesBuildPhase;
			buildActionMask = 2147483647;
			files = (
			);
			runOnlyForDeploymentPostprocessing = 0;
		};
		D93BAA941A1DB4C60087F30E /* Resources */ = {
			isa = PBXResourcesBuildPhase;
			buildActionMask = 2147483647;
			files = (
			);
			runOnlyForDeploymentPostprocessing = 0;
		};
/* End PBXResourcesBuildPhase section */

/* Begin PBXShellScriptBuildPhase section */
		141D8723ACB7E64A96662B9E /* [CP] Copy Pods Resources */ = {
			isa = PBXShellScriptBuildPhase;
			buildActionMask = 2147483647;
			files = (
			);
			inputPaths = (
			);
			name = "[CP] Copy Pods Resources";
			outputPaths = (
			);
			runOnlyForDeploymentPostprocessing = 0;
			shellPath = /bin/sh;
			shellScript = "\"${SRCROOT}/Pods/Target Support Files/Pods-ChatSecurePods-XMPPService/Pods-ChatSecurePods-XMPPService-resources.sh\"\n";
			showEnvVarsInLog = 0;
		};
		55B02A47401D6C3D5A85F96A /* [CP] Check Pods Manifest.lock */ = {
			isa = PBXShellScriptBuildPhase;
			buildActionMask = 2147483647;
			files = (
			);
			inputPaths = (
			);
			name = "[CP] Check Pods Manifest.lock";
			outputPaths = (
			);
			runOnlyForDeploymentPostprocessing = 0;
			shellPath = /bin/sh;
			shellScript = "diff \"${PODS_ROOT}/../Podfile.lock\" \"${PODS_ROOT}/Manifest.lock\" > /dev/null\nif [ $? != 0 ] ; then\n    # print error to STDERR\n    echo \"error: The sandbox is not in sync with the Podfile.lock. Run 'pod install' or update your CocoaPods installation.\" >&2\n    exit 1\nfi\n";
			showEnvVarsInLog = 0;
		};
		ACC1105AFF5684BB26814131 /* [CP] Embed Pods Frameworks */ = {
			isa = PBXShellScriptBuildPhase;
			buildActionMask = 2147483647;
			files = (
			);
			inputPaths = (
			);
			name = "[CP] Embed Pods Frameworks";
			outputPaths = (
			);
			runOnlyForDeploymentPostprocessing = 0;
			shellPath = /bin/sh;
			shellScript = "\"${SRCROOT}/Pods/Target Support Files/Pods-ChatSecurePods-ChatSecure/Pods-ChatSecurePods-ChatSecure-frameworks.sh\"\n";
			showEnvVarsInLog = 0;
		};
		D07B20E26D74EE1A0161E6AB /* [CP] Check Pods Manifest.lock */ = {
			isa = PBXShellScriptBuildPhase;
			buildActionMask = 2147483647;
			files = (
			);
			inputPaths = (
			);
			name = "[CP] Check Pods Manifest.lock";
			outputPaths = (
			);
			runOnlyForDeploymentPostprocessing = 0;
			shellPath = /bin/sh;
			shellScript = "diff \"${PODS_ROOT}/../Podfile.lock\" \"${PODS_ROOT}/Manifest.lock\" > /dev/null\nif [ $? != 0 ] ; then\n    # print error to STDERR\n    echo \"error: The sandbox is not in sync with the Podfile.lock. Run 'pod install' or update your CocoaPods installation.\" >&2\n    exit 1\nfi\n";
			showEnvVarsInLog = 0;
		};
		E9B58D7821F7FF4175859581 /* [CP] Copy Pods Resources */ = {
			isa = PBXShellScriptBuildPhase;
			buildActionMask = 2147483647;
			files = (
			);
			inputPaths = (
			);
			name = "[CP] Copy Pods Resources";
			outputPaths = (
			);
			runOnlyForDeploymentPostprocessing = 0;
			shellPath = /bin/sh;
			shellScript = "\"${SRCROOT}/Pods/Target Support Files/Pods-ChatSecurePods-ChatSecure/Pods-ChatSecurePods-ChatSecure-resources.sh\"\n";
			showEnvVarsInLog = 0;
		};
/* End PBXShellScriptBuildPhase section */

/* Begin PBXSourcesBuildPhase section */
		D93BAA141A1DA73B0087F30E /* Sources */ = {
			isa = PBXSourcesBuildPhase;
			buildActionMask = 2147483647;
			files = (
				D93BAA211A1DA73B0087F30E /* main.m in Sources */,
				D9B114171A2EE73F00AA314A /* OTRDatabaseManager.m in Sources */,
				D9AA71621A248D850005895A /* OTRSecrets.m in Sources */,
				D9AA715E1A2480420005895A /* XMPPServiceManager.m in Sources */,
				D93BAA1F1A1DA73B0087F30E /* OTRAppDelegate.m in Sources */,
			);
			runOnlyForDeploymentPostprocessing = 0;
		};
		D93BAA271A1DA73B0087F30E /* Sources */ = {
			isa = PBXSourcesBuildPhase;
			buildActionMask = 2147483647;
			files = (
				D93BAA321A1DA73B0087F30E /* ChatSecureTests.m in Sources */,
			);
			runOnlyForDeploymentPostprocessing = 0;
		};
		D93BAA671A1DAF050087F30E /* Sources */ = {
			isa = PBXSourcesBuildPhase;
			buildActionMask = 2147483647;
			files = (
				D93BAA741A1DAF050087F30E /* main.m in Sources */,
				D93BAA721A1DAF050087F30E /* TorService.m in Sources */,
			);
			runOnlyForDeploymentPostprocessing = 0;
		};
		D93BAA7B1A1DAF110087F30E /* Sources */ = {
			isa = PBXSourcesBuildPhase;
			buildActionMask = 2147483647;
			files = (
				D93BAA881A1DAF110087F30E /* main.m in Sources */,
				D93BAA861A1DAF110087F30E /* XMPPService.m in Sources */,
			);
			runOnlyForDeploymentPostprocessing = 0;
		};
		D93BAA921A1DB4C60087F30E /* Sources */ = {
			isa = PBXSourcesBuildPhase;
			buildActionMask = 2147483647;
			files = (
				D93BAA9F1A1DB4C60087F30E /* main.m in Sources */,
				D93BAA9D1A1DB4C60087F30E /* OTRService.m in Sources */,
			);
			runOnlyForDeploymentPostprocessing = 0;
		};
/* End PBXSourcesBuildPhase section */

/* Begin PBXTargetDependency section */
		D93BAA2D1A1DA73B0087F30E /* PBXTargetDependency */ = {
			isa = PBXTargetDependency;
			target = D93BAA171A1DA73B0087F30E /* ChatSecure */;
			targetProxy = D93BAA2C1A1DA73B0087F30E /* PBXContainerItemProxy */;
		};
		D93BAA761A1DAF050087F30E /* PBXTargetDependency */ = {
			isa = PBXTargetDependency;
			target = D93BAA6A1A1DAF050087F30E /* TorService */;
			targetProxy = D93BAA751A1DAF050087F30E /* PBXContainerItemProxy */;
		};
		D93BAA8A1A1DAF110087F30E /* PBXTargetDependency */ = {
			isa = PBXTargetDependency;
			target = D93BAA7E1A1DAF110087F30E /* XMPPService */;
			targetProxy = D93BAA891A1DAF110087F30E /* PBXContainerItemProxy */;
		};
		D93BAAA11A1DB4C60087F30E /* PBXTargetDependency */ = {
			isa = PBXTargetDependency;
			target = D93BAA951A1DB4C60087F30E /* OTRService */;
			targetProxy = D93BAAA01A1DB4C60087F30E /* PBXContainerItemProxy */;
		};
/* End PBXTargetDependency section */

/* Begin PBXVariantGroup section */
		D93BAA241A1DA73B0087F30E /* MainMenu.xib */ = {
			isa = PBXVariantGroup;
			children = (
				D93BAA251A1DA73B0087F30E /* Base */,
			);
			name = MainMenu.xib;
			sourceTree = "<group>";
		};
/* End PBXVariantGroup section */

/* Begin XCBuildConfiguration section */
		D93BAA331A1DA73B0087F30E /* Debug */ = {
			isa = XCBuildConfiguration;
			buildSettings = {
				ALWAYS_SEARCH_USER_PATHS = NO;
				CLANG_CXX_LANGUAGE_STANDARD = "gnu++0x";
				CLANG_CXX_LIBRARY = "libc++";
				CLANG_ENABLE_MODULES = YES;
				CLANG_ENABLE_OBJC_ARC = YES;
				CLANG_WARN_BOOL_CONVERSION = YES;
				CLANG_WARN_CONSTANT_CONVERSION = YES;
				CLANG_WARN_DIRECT_OBJC_ISA_USAGE = YES_ERROR;
				CLANG_WARN_EMPTY_BODY = YES;
				CLANG_WARN_ENUM_CONVERSION = YES;
				CLANG_WARN_INFINITE_RECURSION = YES;
				CLANG_WARN_INT_CONVERSION = YES;
				CLANG_WARN_OBJC_ROOT_CLASS = YES_ERROR;
				CLANG_WARN_SUSPICIOUS_MOVE = YES;
				CLANG_WARN_UNREACHABLE_CODE = YES;
				CLANG_WARN__DUPLICATE_METHOD_MATCH = YES;
				COPY_PHASE_STRIP = NO;
				ENABLE_STRICT_OBJC_MSGSEND = YES;
				ENABLE_TESTABILITY = YES;
				GCC_C_LANGUAGE_STANDARD = gnu99;
				GCC_DYNAMIC_NO_PIC = NO;
				GCC_NO_COMMON_BLOCKS = YES;
				GCC_OPTIMIZATION_LEVEL = 0;
				GCC_PREPROCESSOR_DEFINITIONS = (
					"DEBUG=1",
					"$(inherited)",
				);
				GCC_SYMBOLS_PRIVATE_EXTERN = NO;
				GCC_WARN_64_TO_32_BIT_CONVERSION = YES;
				GCC_WARN_ABOUT_RETURN_TYPE = YES_ERROR;
				GCC_WARN_UNDECLARED_SELECTOR = YES;
				GCC_WARN_UNINITIALIZED_AUTOS = YES_AGGRESSIVE;
				GCC_WARN_UNUSED_FUNCTION = YES;
				GCC_WARN_UNUSED_VARIABLE = YES;
				MACOSX_DEPLOYMENT_TARGET = 10.10;
				MTL_ENABLE_DEBUG_INFO = YES;
				ONLY_ACTIVE_ARCH = YES;
				SDKROOT = macosx;
			};
			name = Debug;
		};
		D93BAA341A1DA73B0087F30E /* Release */ = {
			isa = XCBuildConfiguration;
			buildSettings = {
				ALWAYS_SEARCH_USER_PATHS = NO;
				CLANG_CXX_LANGUAGE_STANDARD = "gnu++0x";
				CLANG_CXX_LIBRARY = "libc++";
				CLANG_ENABLE_MODULES = YES;
				CLANG_ENABLE_OBJC_ARC = YES;
				CLANG_WARN_BOOL_CONVERSION = YES;
				CLANG_WARN_CONSTANT_CONVERSION = YES;
				CLANG_WARN_DIRECT_OBJC_ISA_USAGE = YES_ERROR;
				CLANG_WARN_EMPTY_BODY = YES;
				CLANG_WARN_ENUM_CONVERSION = YES;
				CLANG_WARN_INFINITE_RECURSION = YES;
				CLANG_WARN_INT_CONVERSION = YES;
				CLANG_WARN_OBJC_ROOT_CLASS = YES_ERROR;
				CLANG_WARN_SUSPICIOUS_MOVE = YES;
				CLANG_WARN_UNREACHABLE_CODE = YES;
				CLANG_WARN__DUPLICATE_METHOD_MATCH = YES;
				COPY_PHASE_STRIP = YES;
				DEBUG_INFORMATION_FORMAT = "dwarf-with-dsym";
				ENABLE_NS_ASSERTIONS = NO;
				ENABLE_STRICT_OBJC_MSGSEND = YES;
				GCC_C_LANGUAGE_STANDARD = gnu99;
				GCC_NO_COMMON_BLOCKS = YES;
				GCC_WARN_64_TO_32_BIT_CONVERSION = YES;
				GCC_WARN_ABOUT_RETURN_TYPE = YES_ERROR;
				GCC_WARN_UNDECLARED_SELECTOR = YES;
				GCC_WARN_UNINITIALIZED_AUTOS = YES_AGGRESSIVE;
				GCC_WARN_UNUSED_FUNCTION = YES;
				GCC_WARN_UNUSED_VARIABLE = YES;
				MACOSX_DEPLOYMENT_TARGET = 10.10;
				MTL_ENABLE_DEBUG_INFO = NO;
				SDKROOT = macosx;
			};
			name = Release;
		};
		D93BAA361A1DA73B0087F30E /* Debug */ = {
			isa = XCBuildConfiguration;
			baseConfigurationReference = 6AE9BAB15F95963476F174D0 /* Pods-ChatSecurePods-ChatSecure.debug.xcconfig */;
			buildSettings = {
				ASSETCATALOG_COMPILER_APPICON_NAME = AppIcon;
				CODE_SIGN_ENTITLEMENTS = ChatSecure/ChatSecure.entitlements;
				CODE_SIGN_IDENTITY = "Mac Developer";
				COMBINE_HIDPI_IMAGES = YES;
				DEVELOPMENT_TEAM = 4T8JLQR6GR;
				INFOPLIST_FILE = ChatSecure/Info.plist;
				LD_RUNPATH_SEARCH_PATHS = "$(inherited) @executable_path/../Frameworks";
				PRODUCT_BUNDLE_IDENTIFIER = "com.chrisballinger.$(PRODUCT_NAME:rfc1034identifier)";
				PRODUCT_NAME = "$(TARGET_NAME)";
			};
			name = Debug;
		};
		D93BAA371A1DA73B0087F30E /* Release */ = {
			isa = XCBuildConfiguration;
			baseConfigurationReference = 61066028B3B0DA5914DF94BF /* Pods-ChatSecurePods-ChatSecure.release.xcconfig */;
			buildSettings = {
				ASSETCATALOG_COMPILER_APPICON_NAME = AppIcon;
				CODE_SIGN_ENTITLEMENTS = ChatSecure/ChatSecure.entitlements;
				CODE_SIGN_IDENTITY = "Mac Developer";
				COMBINE_HIDPI_IMAGES = YES;
				DEVELOPMENT_TEAM = 4T8JLQR6GR;
				INFOPLIST_FILE = ChatSecure/Info.plist;
				LD_RUNPATH_SEARCH_PATHS = "$(inherited) @executable_path/../Frameworks";
				PRODUCT_BUNDLE_IDENTIFIER = "com.chrisballinger.$(PRODUCT_NAME:rfc1034identifier)";
				PRODUCT_NAME = "$(TARGET_NAME)";
			};
			name = Release;
		};
		D93BAA391A1DA73B0087F30E /* Debug */ = {
			isa = XCBuildConfiguration;
			buildSettings = {
				BUNDLE_LOADER = "$(TEST_HOST)";
				CODE_SIGN_IDENTITY = "Mac Developer";
				COMBINE_HIDPI_IMAGES = YES;
				FRAMEWORK_SEARCH_PATHS = (
					"$(DEVELOPER_FRAMEWORKS_DIR)",
					"$(inherited)",
				);
				GCC_PREPROCESSOR_DEFINITIONS = (
					"DEBUG=1",
					"$(inherited)",
				);
				INFOPLIST_FILE = ChatSecureTests/Info.plist;
				LD_RUNPATH_SEARCH_PATHS = "$(inherited) @executable_path/../Frameworks @loader_path/../Frameworks";
				PRODUCT_BUNDLE_IDENTIFIER = "com.chrisballinger.$(PRODUCT_NAME:rfc1034identifier)";
				PRODUCT_NAME = "$(TARGET_NAME)";
				TEST_HOST = "$(BUILT_PRODUCTS_DIR)/ChatSecure.app/Contents/MacOS/ChatSecure";
			};
			name = Debug;
		};
		D93BAA3A1A1DA73B0087F30E /* Release */ = {
			isa = XCBuildConfiguration;
			buildSettings = {
				BUNDLE_LOADER = "$(TEST_HOST)";
				CODE_SIGN_IDENTITY = "Mac Developer";
				COMBINE_HIDPI_IMAGES = YES;
				FRAMEWORK_SEARCH_PATHS = (
					"$(DEVELOPER_FRAMEWORKS_DIR)",
					"$(inherited)",
				);
				INFOPLIST_FILE = ChatSecureTests/Info.plist;
				LD_RUNPATH_SEARCH_PATHS = "$(inherited) @executable_path/../Frameworks @loader_path/../Frameworks";
				PRODUCT_BUNDLE_IDENTIFIER = "com.chrisballinger.$(PRODUCT_NAME:rfc1034identifier)";
				PRODUCT_NAME = "$(TARGET_NAME)";
				TEST_HOST = "$(BUILT_PRODUCTS_DIR)/ChatSecure.app/Contents/MacOS/ChatSecure";
			};
			name = Release;
		};
		D93BAA791A1DAF050087F30E /* Debug */ = {
			isa = XCBuildConfiguration;
			buildSettings = {
				CODE_SIGN_ENTITLEMENTS = TorService/TorService.entitlements;
				CODE_SIGN_IDENTITY = "Mac Developer";
				COMBINE_HIDPI_IMAGES = YES;
				DEVELOPMENT_TEAM = 4T8JLQR6GR;
				GCC_PREPROCESSOR_DEFINITIONS = (
					"DEBUG=1",
					"$(inherited)",
				);
				INFOPLIST_FILE = TorService/Info.plist;
				PRODUCT_BUNDLE_IDENTIFIER = "com.chrisballinger.$(PRODUCT_NAME:rfc1034identifier)";
				PRODUCT_NAME = "$(TARGET_NAME)";
				SKIP_INSTALL = YES;
			};
			name = Debug;
		};
		D93BAA7A1A1DAF050087F30E /* Release */ = {
			isa = XCBuildConfiguration;
			buildSettings = {
				CODE_SIGN_ENTITLEMENTS = TorService/TorService.entitlements;
				CODE_SIGN_IDENTITY = "Mac Developer";
				COMBINE_HIDPI_IMAGES = YES;
				DEVELOPMENT_TEAM = 4T8JLQR6GR;
				INFOPLIST_FILE = TorService/Info.plist;
				PRODUCT_BUNDLE_IDENTIFIER = "com.chrisballinger.$(PRODUCT_NAME:rfc1034identifier)";
				PRODUCT_NAME = "$(TARGET_NAME)";
				SKIP_INSTALL = YES;
			};
			name = Release;
		};
		D93BAA8D1A1DAF110087F30E /* Debug */ = {
			isa = XCBuildConfiguration;
			baseConfigurationReference = 966112E0EEB33C595D811C8C /* Pods-ChatSecurePods-XMPPService.debug.xcconfig */;
			buildSettings = {
				CODE_SIGN_ENTITLEMENTS = XMPPService/XMPPService.entitlements;
				CODE_SIGN_IDENTITY = "Mac Developer";
				COMBINE_HIDPI_IMAGES = YES;
				DEVELOPMENT_TEAM = 4T8JLQR6GR;
				GCC_PREPROCESSOR_DEFINITIONS = (
					"DEBUG=1",
					"$(inherited)",
				);
				INFOPLIST_FILE = XMPPService/Info.plist;
				LD_RUNPATH_SEARCH_PATHS = "$(inherited) '@executable_path/../Frameworks' '@loader_path/Frameworks' '@executable_path/../../../../Frameworks'";
				PRODUCT_BUNDLE_IDENTIFIER = "com.chrisballinger.$(PRODUCT_NAME:rfc1034identifier)";
				PRODUCT_NAME = "$(TARGET_NAME)";
				SKIP_INSTALL = YES;
			};
			name = Debug;
		};
		D93BAA8E1A1DAF110087F30E /* Release */ = {
			isa = XCBuildConfiguration;
			baseConfigurationReference = 376521A125D4A8D4118C6C30 /* Pods-ChatSecurePods-XMPPService.release.xcconfig */;
			buildSettings = {
				CODE_SIGN_ENTITLEMENTS = XMPPService/XMPPService.entitlements;
				CODE_SIGN_IDENTITY = "Mac Developer";
				COMBINE_HIDPI_IMAGES = YES;
				DEVELOPMENT_TEAM = 4T8JLQR6GR;
				INFOPLIST_FILE = XMPPService/Info.plist;
				LD_RUNPATH_SEARCH_PATHS = "$(inherited) '@executable_path/../Frameworks' '@loader_path/Frameworks' '@executable_path/../../../../Frameworks'";
				PRODUCT_BUNDLE_IDENTIFIER = "com.chrisballinger.$(PRODUCT_NAME:rfc1034identifier)";
				PRODUCT_NAME = "$(TARGET_NAME)";
				SKIP_INSTALL = YES;
			};
			name = Release;
		};
		D93BAAA41A1DB4C60087F30E /* Debug */ = {
			isa = XCBuildConfiguration;
			buildSettings = {
				CODE_SIGN_ENTITLEMENTS = OTRService/OTRService.entitlements;
				CODE_SIGN_IDENTITY = "Mac Developer";
				COMBINE_HIDPI_IMAGES = YES;
				DEVELOPMENT_TEAM = 4T8JLQR6GR;
				GCC_PREPROCESSOR_DEFINITIONS = (
					"DEBUG=1",
					"$(inherited)",
				);
				INFOPLIST_FILE = OTRService/Info.plist;
				PRODUCT_BUNDLE_IDENTIFIER = "com.chrisballinger.$(PRODUCT_NAME:rfc1034identifier)";
				PRODUCT_NAME = "$(TARGET_NAME)";
				SKIP_INSTALL = YES;
			};
			name = Debug;
		};
		D93BAAA51A1DB4C60087F30E /* Release */ = {
			isa = XCBuildConfiguration;
			buildSettings = {
				CODE_SIGN_ENTITLEMENTS = OTRService/OTRService.entitlements;
				CODE_SIGN_IDENTITY = "Mac Developer";
				COMBINE_HIDPI_IMAGES = YES;
				DEVELOPMENT_TEAM = 4T8JLQR6GR;
				INFOPLIST_FILE = OTRService/Info.plist;
				PRODUCT_BUNDLE_IDENTIFIER = "com.chrisballinger.$(PRODUCT_NAME:rfc1034identifier)";
				PRODUCT_NAME = "$(TARGET_NAME)";
				SKIP_INSTALL = YES;
			};
			name = Release;
		};
/* End XCBuildConfiguration section */

/* Begin XCConfigurationList section */
		D93BAA131A1DA73B0087F30E /* Build configuration list for PBXProject "ChatSecure" */ = {
			isa = XCConfigurationList;
			buildConfigurations = (
				D93BAA331A1DA73B0087F30E /* Debug */,
				D93BAA341A1DA73B0087F30E /* Release */,
			);
			defaultConfigurationIsVisible = 0;
			defaultConfigurationName = Release;
		};
		D93BAA351A1DA73B0087F30E /* Build configuration list for PBXNativeTarget "ChatSecure" */ = {
			isa = XCConfigurationList;
			buildConfigurations = (
				D93BAA361A1DA73B0087F30E /* Debug */,
				D93BAA371A1DA73B0087F30E /* Release */,
			);
			defaultConfigurationIsVisible = 0;
			defaultConfigurationName = Release;
		};
		D93BAA381A1DA73B0087F30E /* Build configuration list for PBXNativeTarget "ChatSecureTests" */ = {
			isa = XCConfigurationList;
			buildConfigurations = (
				D93BAA391A1DA73B0087F30E /* Debug */,
				D93BAA3A1A1DA73B0087F30E /* Release */,
			);
			defaultConfigurationIsVisible = 0;
			defaultConfigurationName = Release;
		};
		D93BAA781A1DAF050087F30E /* Build configuration list for PBXNativeTarget "TorService" */ = {
			isa = XCConfigurationList;
			buildConfigurations = (
				D93BAA791A1DAF050087F30E /* Debug */,
				D93BAA7A1A1DAF050087F30E /* Release */,
			);
			defaultConfigurationIsVisible = 0;
			defaultConfigurationName = Release;
		};
		D93BAA8C1A1DAF110087F30E /* Build configuration list for PBXNativeTarget "XMPPService" */ = {
			isa = XCConfigurationList;
			buildConfigurations = (
				D93BAA8D1A1DAF110087F30E /* Debug */,
				D93BAA8E1A1DAF110087F30E /* Release */,
			);
			defaultConfigurationIsVisible = 0;
			defaultConfigurationName = Release;
		};
		D93BAAA31A1DB4C60087F30E /* Build configuration list for PBXNativeTarget "OTRService" */ = {
			isa = XCConfigurationList;
			buildConfigurations = (
				D93BAAA41A1DB4C60087F30E /* Debug */,
				D93BAAA51A1DB4C60087F30E /* Release */,
			);
			defaultConfigurationIsVisible = 0;
			defaultConfigurationName = Release;
		};
/* End XCConfigurationList section */
	};
	rootObject = D93BAA101A1DA73B0087F30E /* Project object */;
}
